{
  "version": 4,
  "terraform_version": "0.15.5",
  "serial": 5,
  "lineage": "c90c4b79-4b01-897b-41ee-f8b41a0bc1a9",
  "outputs": {
    "admin_vm_ssh": {
      "value": "gcloud compute ssh root@gce-admin --project=test-add-metrics-scope --zone=us-central1-a\nPublic IP: local.gce_pub_ip",
      "type": "string"
    },
    "my_sa_name": {
      "value": "anthos-test",
      "type": "string"
    }
  },
  "resources": [
    {
      "mode": "data",
      "type": "terraform_remote_state",
      "name": "gce",
      "provider": "provider[\"terraform.io/builtin/terraform\"]",
      "instances": [
        {
          "schema_version": 0,
          "attributes": {
            "backend": "gcs",
            "config": {
              "value": {
                "bucket": "jmy-tf-state",
                "prefix": "gce"
              },
              "type": [
                "object",
                {
                  "bucket": "string",
                  "prefix": "string"
                }
              ]
            },
            "defaults": null,
            "outputs": {
              "value": {
                "gce-admin": "gce-admin",
                "gce-admin-pub-ip": "34.136.215.210"
              },
              "type": [
                "object",
                {
                  "gce-admin": "string",
                  "gce-admin-pub-ip": "string"
                }
              ]
            },
            "workspace": null
          },
          "sensitive_attributes": []
        }
      ]
    },
    {
      "mode": "data",
      "type": "terraform_remote_state",
      "name": "my-sa",
      "provider": "provider[\"terraform.io/builtin/terraform\"]",
      "instances": [
        {
          "schema_version": 0,
          "attributes": {
            "backend": "gcs",
            "config": {
              "value": {
                "bucket": "jmy-tf-state",
                "prefix": "bootstrap"
              },
              "type": [
                "object",
                {
                  "bucket": "string",
                  "prefix": "string"
                }
              ]
            },
            "defaults": null,
            "outputs": {
              "value": {
                "my-sa": "anthos-test"
              },
              "type": [
                "object",
                {
                  "my-sa": "string"
                }
              ]
            },
            "workspace": null
          },
          "sensitive_attributes": []
        }
      ]
    },
    {
      "mode": "managed",
      "type": "google_monitoring_group",
      "name": "app-instance-mig2",
      "provider": "provider[\"registry.terraform.io/hashicorp/google\"]",
      "instances": [
        {
          "schema_version": 0,
          "attributes": {
            "display_name": "app-instance-mig2",
            "filter": "resource.type = \"gce_instance\" AND resource.metadata.name = has_substring(\"gce-admin\")",
            "id": "projects/test-add-metrics-scope/groups/8513409627309107451",
            "is_cluster": false,
            "name": "projects/test-add-metrics-scope/groups/8513409627309107451",
            "parent_name": "",
            "project": "test-add-metrics-scope",
            "timeouts": null
          },
          "sensitive_attributes": [],
          "private": "eyJlMmJmYjczMC1lY2FhLTExZTYtOGY4OC0zNDM2M2JjN2M0YzAiOnsiY3JlYXRlIjoyNDAwMDAwMDAwMDAsImRlbGV0ZSI6MjQwMDAwMDAwMDAwLCJ1cGRhdGUiOjI0MDAwMDAwMDAwMH19",
          "dependencies": [
            "data.terraform_remote_state.gce"
          ]
        }
      ]
    }
  ]
}
